
Microsoft Visual Studio Solution File, Format Version 12.00
# Visual Studio 15
VisualStudioVersion = 15.0.26730.16
MinimumVisualStudioVersion = 10.0.40219.1
Project("{FAE04EC0-301F-11D3-BF4B-00C04F79EFBC}") = "CookingTime", "CookingTime\CookingTime.csproj", "{A6D476FD-2B21-455B-B907-044DF415A0BD}"
EndProject
Project("{FAE04EC0-301F-11D3-BF4B-00C04F79EFBC}") = "CookingTime.Tests", "CookingTime.Tests\CookingTime.Tests.csproj", "{EB17CA51-B343-4E83-97A7-E1B2FB3A180D}"
EndProject
Project("{FAE04EC0-301F-11D3-BF4B-00C04F79EFBC}") = "CookingTime.Data", "CookingTime.Data\CookingTime.Data.csproj", "{336D4313-E0BB-4E01-8F90-57BD1C833F97}"
EndProject
Project("{FAE04EC0-301F-11D3-BF4B-00C04F79EFBC}") = "CookingTime.Factories", "CookingTime.Factories\CookingTime.Factories.csproj", "{16F668A9-263B-4378-83C2-610A4F5A4834}"
EndProject
Project("{FAE04EC0-301F-11D3-BF4B-00C04F79EFBC}") = "CookingTime.Controllers", "CookingTime.Controllers\CookingTime.Controllers.csproj", "{ED941EB0-6163-4091-920B-152EEF023600}"
EndProject
Project("{FAE04EC0-301F-11D3-BF4B-00C04F79EFBC}") = "CookingTime.Models", "CookingTime.Models\CookingTime.Models.csproj", "{1DBD36C9-1D01-4112-A5C0-5BF9F5AA26B8}"
EndProject
Global
	GlobalSection(SolutionConfigurationPlatforms) = preSolution
		Debug|Any CPU = Debug|Any CPU
		Release|Any CPU = Release|Any CPU
	EndGlobalSection
	GlobalSection(ProjectConfigurationPlatforms) = postSolution
		{A6D476FD-2B21-455B-B907-044DF415A0BD}.Debug|Any CPU.ActiveCfg = Debug|Any CPU
		{A6D476FD-2B21-455B-B907-044DF415A0BD}.Debug|Any CPU.Build.0 = Debug|Any CPU
		{A6D476FD-2B21-455B-B907-044DF415A0BD}.Release|Any CPU.ActiveCfg = Release|Any CPU
		{A6D476FD-2B21-455B-B907-044DF415A0BD}.Release|Any CPU.Build.0 = Release|Any CPU
		{EB17CA51-B343-4E83-97A7-E1B2FB3A180D}.Debug|Any CPU.ActiveCfg = Debug|Any CPU
		{EB17CA51-B343-4E83-97A7-E1B2FB3A180D}.Release|Any CPU.ActiveCfg = Release|Any CPU
		{EB17CA51-B343-4E83-97A7-E1B2FB3A180D}.Release|Any CPU.Build.0 = Release|Any CPU
		{336D4313-E0BB-4E01-8F90-57BD1C833F97}.Debug|Any CPU.ActiveCfg = Debug|Any CPU
		{336D4313-E0BB-4E01-8F90-57BD1C833F97}.Debug|Any CPU.Build.0 = Debug|Any CPU
		{336D4313-E0BB-4E01-8F90-57BD1C833F97}.Release|Any CPU.ActiveCfg = Release|Any CPU
		{336D4313-E0BB-4E01-8F90-57BD1C833F97}.Release|Any CPU.Build.0 = Release|Any CPU
		{16F668A9-263B-4378-83C2-610A4F5A4834}.Debug|Any CPU.ActiveCfg = Debug|Any CPU
		{16F668A9-263B-4378-83C2-610A4F5A4834}.Debug|Any CPU.Build.0 = Debug|Any CPU
		{16F668A9-263B-4378-83C2-610A4F5A4834}.Release|Any CPU.ActiveCfg = Release|Any CPU
		{16F668A9-263B-4378-83C2-610A4F5A4834}.Release|Any CPU.Build.0 = Release|Any CPU
		{ED941EB0-6163-4091-920B-152EEF023600}.Debug|Any CPU.ActiveCfg = Debug|Any CPU
		{ED941EB0-6163-4091-920B-152EEF023600}.Debug|Any CPU.Build.0 = Debug|Any CPU
		{ED941EB0-6163-4091-920B-152EEF023600}.Release|Any CPU.ActiveCfg = Release|Any CPU
		{ED941EB0-6163-4091-920B-152EEF023600}.Release|Any CPU.Build.0 = Release|Any CPU
		{1DBD36C9-1D01-4112-A5C0-5BF9F5AA26B8}.Debug|Any CPU.ActiveCfg = Debug|Any CPU
		{1DBD36C9-1D01-4112-A5C0-5BF9F5AA26B8}.Debug|Any CPU.Build.0 = Debug|Any CPU
		{1DBD36C9-1D01-4112-A5C0-5BF9F5AA26B8}.Release|Any CPU.ActiveCfg = Release|Any CPU
		{1DBD36C9-1D01-4112-A5C0-5BF9F5AA26B8}.Release|Any CPU.Build.0 = Release|Any CPU
	EndGlobalSection
	GlobalSection(SolutionProperties) = preSolution
		HideSolutionNode = FALSE
	EndGlobalSection
	GlobalSection(ExtensibilityGlobals) = postSolution
		SolutionGuid = {EA96FA58-B93B-4D57-8239-40E1E7246B03}
	EndGlobalSection
EndGlobal
