
Microsoft Visual Studio Solution File, Format Version 12.00
# Visual Studio 15
VisualStudioVersion = 15.0.26730.16
MinimumVisualStudioVersion = 10.0.40219.1
Project("{FAE04EC0-301F-11D3-BF4B-00C04F79EFBC}") = "CookingTime.Web", "CookingTime.Web\CookingTime.Web.csproj", "{6A9F8991-43BB-4BFA-812E-03691632351B}"
EndProject
Project("{FAE04EC0-301F-11D3-BF4B-00C04F79EFBC}") = "CookingTime.Data", "CookingTime.Data\CookingTime.Data.csproj", "{CEC6230F-980F-427C-AE27-4436648E60A2}"
EndProject
Project("{FAE04EC0-301F-11D3-BF4B-00C04F79EFBC}") = "CookingTime.Models", "CookingTime.Models\CookingTime.Models.csproj", "{42C607C4-8FB1-490C-AAD4-5AC9921F91FC}"
EndProject
Project("{FAE04EC0-301F-11D3-BF4B-00C04F79EFBC}") = "CookingTime.Services", "CookingTime.Services\CookingTime.Services.csproj", "{4BD34CDB-E6CE-415C-95EF-5E04CC0A2FA0}"
EndProject
Project("{FAE04EC0-301F-11D3-BF4B-00C04F79EFBC}") = "CookingTime.Authentication", "CookingTime.Authentication\CookingTime.Authentication.csproj", "{911FB23D-C230-4581-94FF-212E574BFF36}"
EndProject
Project("{FAE04EC0-301F-11D3-BF4B-00C04F79EFBC}") = "CookingTime.Factories", "CookingTime.Factories\CookingTime.Factories.csproj", "{9CDE063E-931B-4E7A-A7A9-2452B9C92A4E}"
EndProject
Project("{FAE04EC0-301F-11D3-BF4B-00C04F79EFBC}") = "CookingTime.Providers", "CookingTime.Providers\CookingTime.Providers.csproj", "{FB8CF5FD-A33C-44D0-8517-A2D55CC7B470}"
EndProject
Project("{FAE04EC0-301F-11D3-BF4B-00C04F79EFBC}") = "CookingTime.Common", "CookingTime.Common\CookingTime.Common.csproj", "{90DD5B30-CFFF-45AC-9DC8-C969FD735AB6}"
EndProject
Global
	GlobalSection(SolutionConfigurationPlatforms) = preSolution
		Debug|Any CPU = Debug|Any CPU
		Release|Any CPU = Release|Any CPU
	EndGlobalSection
	GlobalSection(ProjectConfigurationPlatforms) = postSolution
		{6A9F8991-43BB-4BFA-812E-03691632351B}.Debug|Any CPU.ActiveCfg = Debug|Any CPU
		{6A9F8991-43BB-4BFA-812E-03691632351B}.Debug|Any CPU.Build.0 = Debug|Any CPU
		{6A9F8991-43BB-4BFA-812E-03691632351B}.Release|Any CPU.ActiveCfg = Release|Any CPU
		{6A9F8991-43BB-4BFA-812E-03691632351B}.Release|Any CPU.Build.0 = Release|Any CPU
		{CEC6230F-980F-427C-AE27-4436648E60A2}.Debug|Any CPU.ActiveCfg = Debug|Any CPU
		{CEC6230F-980F-427C-AE27-4436648E60A2}.Debug|Any CPU.Build.0 = Debug|Any CPU
		{CEC6230F-980F-427C-AE27-4436648E60A2}.Release|Any CPU.ActiveCfg = Release|Any CPU
		{CEC6230F-980F-427C-AE27-4436648E60A2}.Release|Any CPU.Build.0 = Release|Any CPU
		{42C607C4-8FB1-490C-AAD4-5AC9921F91FC}.Debug|Any CPU.ActiveCfg = Debug|Any CPU
		{42C607C4-8FB1-490C-AAD4-5AC9921F91FC}.Debug|Any CPU.Build.0 = Debug|Any CPU
		{42C607C4-8FB1-490C-AAD4-5AC9921F91FC}.Release|Any CPU.ActiveCfg = Release|Any CPU
		{42C607C4-8FB1-490C-AAD4-5AC9921F91FC}.Release|Any CPU.Build.0 = Release|Any CPU
		{4BD34CDB-E6CE-415C-95EF-5E04CC0A2FA0}.Debug|Any CPU.ActiveCfg = Debug|Any CPU
		{4BD34CDB-E6CE-415C-95EF-5E04CC0A2FA0}.Debug|Any CPU.Build.0 = Debug|Any CPU
		{4BD34CDB-E6CE-415C-95EF-5E04CC0A2FA0}.Release|Any CPU.ActiveCfg = Release|Any CPU
		{4BD34CDB-E6CE-415C-95EF-5E04CC0A2FA0}.Release|Any CPU.Build.0 = Release|Any CPU
		{911FB23D-C230-4581-94FF-212E574BFF36}.Debug|Any CPU.ActiveCfg = Debug|Any CPU
		{911FB23D-C230-4581-94FF-212E574BFF36}.Debug|Any CPU.Build.0 = Debug|Any CPU
		{911FB23D-C230-4581-94FF-212E574BFF36}.Release|Any CPU.ActiveCfg = Release|Any CPU
		{911FB23D-C230-4581-94FF-212E574BFF36}.Release|Any CPU.Build.0 = Release|Any CPU
		{9CDE063E-931B-4E7A-A7A9-2452B9C92A4E}.Debug|Any CPU.ActiveCfg = Debug|Any CPU
		{9CDE063E-931B-4E7A-A7A9-2452B9C92A4E}.Debug|Any CPU.Build.0 = Debug|Any CPU
		{9CDE063E-931B-4E7A-A7A9-2452B9C92A4E}.Release|Any CPU.ActiveCfg = Release|Any CPU
		{9CDE063E-931B-4E7A-A7A9-2452B9C92A4E}.Release|Any CPU.Build.0 = Release|Any CPU
		{FB8CF5FD-A33C-44D0-8517-A2D55CC7B470}.Debug|Any CPU.ActiveCfg = Debug|Any CPU
		{FB8CF5FD-A33C-44D0-8517-A2D55CC7B470}.Debug|Any CPU.Build.0 = Debug|Any CPU
		{FB8CF5FD-A33C-44D0-8517-A2D55CC7B470}.Release|Any CPU.ActiveCfg = Release|Any CPU
		{FB8CF5FD-A33C-44D0-8517-A2D55CC7B470}.Release|Any CPU.Build.0 = Release|Any CPU
		{90DD5B30-CFFF-45AC-9DC8-C969FD735AB6}.Debug|Any CPU.ActiveCfg = Debug|Any CPU
		{90DD5B30-CFFF-45AC-9DC8-C969FD735AB6}.Debug|Any CPU.Build.0 = Debug|Any CPU
		{90DD5B30-CFFF-45AC-9DC8-C969FD735AB6}.Release|Any CPU.ActiveCfg = Release|Any CPU
		{90DD5B30-CFFF-45AC-9DC8-C969FD735AB6}.Release|Any CPU.Build.0 = Release|Any CPU
	EndGlobalSection
	GlobalSection(SolutionProperties) = preSolution
		HideSolutionNode = FALSE
	EndGlobalSection
	GlobalSection(ExtensibilityGlobals) = postSolution
		SolutionGuid = {2E5031BE-7B24-48DC-9E4E-B11B40B0F98C}
	EndGlobalSection
EndGlobal
